
Microsoft Visual Studio Solution File, Format Version 12.00
# Visual Studio Version 16
VisualStudioVersion = 16.0.31205.134
MinimumVisualStudioVersion = 10.0.40219.1
Project("{9A19103F-16F7-4668-BE54-9A1E7A4F7556}") = "Entidades", "Entidades\Entidades.csproj", "{8FC45812-6361-43AE-91EC-E522FCAF7E06}"
EndProject
Project("{2150E333-8FDC-42A3-9474-1A3956D46DE8}") = "Core_Petshop", "Core_Petshop", "{56275CCD-BD2A-4554-BA7A-0E528A6D189F}"
EndProject
Project("{2150E333-8FDC-42A3-9474-1A3956D46DE8}") = "UI_Petshop", "UI_Petshop", "{15DDD6C1-C4D2-4093-BFD6-C7D3D0622555}"
EndProject
Project("{9A19103F-16F7-4668-BE54-9A1E7A4F7556}") = "FrmPetShopUI", "FrmLogin\FrmPetShopUI.csproj", "{06659044-8270-45CD-95C9-D4B3C056B6D7}"
EndProject
Global
	GlobalSection(SolutionConfigurationPlatforms) = preSolution
		Debug|Any CPU = Debug|Any CPU
		Release|Any CPU = Release|Any CPU
	EndGlobalSection
	GlobalSection(ProjectConfigurationPlatforms) = postSolution
		{8FC45812-6361-43AE-91EC-E522FCAF7E06}.Debug|Any CPU.ActiveCfg = Debug|Any CPU
		{8FC45812-6361-43AE-91EC-E522FCAF7E06}.Debug|Any CPU.Build.0 = Debug|Any CPU
		{8FC45812-6361-43AE-91EC-E522FCAF7E06}.Release|Any CPU.ActiveCfg = Release|Any CPU
		{8FC45812-6361-43AE-91EC-E522FCAF7E06}.Release|Any CPU.Build.0 = Release|Any CPU
		{06659044-8270-45CD-95C9-D4B3C056B6D7}.Debug|Any CPU.ActiveCfg = Debug|Any CPU
		{06659044-8270-45CD-95C9-D4B3C056B6D7}.Debug|Any CPU.Build.0 = Debug|Any CPU
		{06659044-8270-45CD-95C9-D4B3C056B6D7}.Release|Any CPU.ActiveCfg = Release|Any CPU
		{06659044-8270-45CD-95C9-D4B3C056B6D7}.Release|Any CPU.Build.0 = Release|Any CPU
	EndGlobalSection
	GlobalSection(SolutionProperties) = preSolution
		HideSolutionNode = FALSE
	EndGlobalSection
	GlobalSection(NestedProjects) = preSolution
		{8FC45812-6361-43AE-91EC-E522FCAF7E06} = {56275CCD-BD2A-4554-BA7A-0E528A6D189F}
		{06659044-8270-45CD-95C9-D4B3C056B6D7} = {15DDD6C1-C4D2-4093-BFD6-C7D3D0622555}
	EndGlobalSection
	GlobalSection(ExtensibilityGlobals) = postSolution
		SolutionGuid = {30678692-87CB-46A0-A211-DE3859A571A6}
	EndGlobalSection
EndGlobal
